# This file is automatically @generated by Cargo.
# It is not intended for manual editing.
version = 4

[[package]]
name = "day01A"
version = "0.1.0"

[[package]]
name = "day01B"
version = "0.1.0"

[[package]]
name = "day02A"
version = "0.1.0"

[[package]]
name = "day02B"
version = "0.1.0"

[[package]]
name = "day03A"
version = "0.1.0"

[[package]]
name = "day03B"
version = "0.1.0"

[[package]]
name = "day04A"
version = "0.1.0"

[[package]]
name = "day04B"
version = "0.1.0"

[[package]]
name = "day05A"
version = "0.1.0"

[[package]]
name = "day05B"
version = "0.1.0"

[[package]]
name = "day06A"
version = "0.1.0"

[[package]]
name = "day06B"
version = "0.1.0"
